{
  "name": "vuepress-plugin-baidu-analytics",
  "version": "2.0.0-beta.22",
  "lockfileVersion": 2,
  "requires": true,
  "packages": {
    "": {
      "name": "vuepress-plugin-baidu-analytics",
      "version": "2.0.0-beta.22",
      "license": "MIT",
      "dependencies": {
        "@vuepress/client": "2.0.0-beta.24",
        "@vuepress/core": "2.0.0-beta.24",
        "@vuepress/utils": "2.0.0-beta.24"
      },
      "devDependencies": {
        "@types/node": "^16.6.1"
      }
    },
    "node_modules/@types/node": {
      "version": "16.6.1",
      "resolved": "https://registry.npmjs.org/@types/node/-/node-16.6.1.tgz",
      "integrity": "sha512-Sr7BhXEAer9xyGuCN3Ek9eg9xPviCF2gfu9kTfuU2HkTVAMYSDeX40fvpmo72n5nansg3nsBjuQBrsS28r+NUw==",
      "dev": true
    },
    "node_modules/@vuepress/client": {
      "version": "2.0.0-beta.24",
      "integrity": "sha512-5GA+EMISf4AFwdpQnrbnQjTYVETiXK6AtpCDwhzGNWAFzcYFlSYRzUvJhgyaMY+A0IzdJv7/rf83bVB6RPpgVQ==",
      "dependencies": {
        "@vuepress/shared": "2.0.0-beta.24",
        "vue": "^3.2.2",
        "vue-router": "^4.0.10"
      }
    },
    "node_modules/@vuepress/core": {
      "version": "2.0.0-beta.24",
      "integrity": "sha512-08IAa8cqQwjtvpJTNeMucUgaqNjRE/nBbeKf8z7XCTbOOFXi/XLV9w/lC5lf+o0GRBKmX//3XDIR47fdpipAzA==",
      "dependencies": {
        "@vuepress/client": "2.0.0-beta.24",
        "@vuepress/markdown": "2.0.0-beta.24",
        "@vuepress/shared": "2.0.0-beta.24",
        "@vuepress/utils": "2.0.0-beta.24",
        "gray-matter": "^4.0.3",
        "toml": "^3.0.0"
      }
    },
    "node_modules/@vuepress/markdown": {
      "version": "2.0.0-beta.24",
      "integrity": "sha512-48kFQJNp4fJfaKoOV10u2+siMKN0JvMj9XJ2T8YrLT3Emg/rWKZDSZAES7alFdQAkglQ87/jrkZE/lR/AaLpsA==",
      "dependencies": {
        "@types/markdown-it": "^12.0.3",
        "@vuepress/shared": "2.0.0-beta.24",
        "@vuepress/utils": "2.0.0-beta.24",
        "markdown-it": "^12.2.0",
        "markdown-it-anchor": "^8.1.2",
        "markdown-it-emoji": "^2.0.0",
        "mdurl": "^1.0.1"
      }
    },
    "node_modules/@vuepress/shared": {
      "version": "2.0.0-beta.24",
      "integrity": "sha512-t+Da3m5PdodIB1MOXk4X/3X9Z16GQCJsE1rMDU04PR96qTffTofR9DFfrGo4FYiEzIPXCedvXEWu4mL1r2kauw==",
      "dependencies": {
        "@vue/shared": "^3.2.2"
      }
    },
    "node_modules/@vuepress/utils": {
      "version": "2.0.0-beta.24",
      "integrity": "sha512-dqA1jvIWdTAGJEWELqJj8QONw/IkIu/4SJqJXgdHKFl5e6k71HTACnQgB9hkn2TUhSdMMnXTDOCd37g5l3jkaw==",
      "dependencies": {
        "@types/debug": "^4.1.7",
        "@types/fs-extra": "^9.0.12",
        "@types/hash-sum": "^1.0.0",
        "@vuepress/shared": "2.0.0-beta.24",
        "chalk": "^4.1.2",
        "debug": "^4.3.2",
        "fs-extra": "^10.0.0",
        "globby": "^11.0.4",
        "hash-sum": "^2.0.0",
        "ora": "^5.4.1",
        "upath": "^2.0.1"
      }
    }
  },
  "dependencies": {
    "@types/node": {
      "version": "16.6.1",
      "resolved": "https://registry.npmjs.org/@types/node/-/node-16.6.1.tgz",
      "integrity": "sha512-Sr7BhXEAer9xyGuCN3Ek9eg9xPviCF2gfu9kTfuU2HkTVAMYSDeX40fvpmo72n5nansg3nsBjuQBrsS28r+NUw==",
      "dev": true
    },
    "@vuepress/client": {
      "version": "2.0.0-beta.24",
      "requires": {
        "@vuepress/shared": "2.0.0-beta.24",
        "vue": "^3.2.2",
        "vue-router": "^4.0.10"
      }
    },
    "@vuepress/core": {
      "version": "2.0.0-beta.24",
      "requires": {
        "@vuepress/client": "2.0.0-beta.24",
        "@vuepress/markdown": "2.0.0-beta.24",
        "@vuepress/shared": "2.0.0-beta.24",
        "@vuepress/utils": "2.0.0-beta.24",
        "gray-matter": "^4.0.3",
        "toml": "^3.0.0"
      }
    },
    "@vuepress/markdown": {
      "version": "2.0.0-beta.24",
      "requires": {
        "@types/markdown-it": "^12.0.3",
        "@vuepress/shared": "2.0.0-beta.24",
        "@vuepress/utils": "2.0.0-beta.24",
        "markdown-it": "^12.2.0",
        "markdown-it-anchor": "^8.1.2",
        "markdown-it-emoji": "^2.0.0",
        "mdurl": "^1.0.1"
      }
    },
    "@vuepress/shared": {
      "version": "2.0.0-beta.24",
      "requires": {
        "@vue/shared": "^3.2.2"
      }
    },
    "@vuepress/utils": {
      "version": "2.0.0-beta.24",
      "requires": {
        "@types/debug": "^4.1.7",
        "@types/fs-extra": "^9.0.12",
        "@types/hash-sum": "^1.0.0",
        "@vuepress/shared": "2.0.0-beta.24",
        "chalk": "^4.1.2",
        "debug": "^4.3.2",
        "fs-extra": "^10.0.0",
        "globby": "^11.0.4",
        "hash-sum": "^2.0.0",
        "ora": "^5.4.1",
        "upath": "^2.0.1"
      }
    }
  }
}
